// !$*UTF8*$!
{
	archiveVersion = 1;
	classes = {
	};
	objectVersion = 54;
	objects = {

/* Begin PBXBuildFile section */
		00E356F31AD99517003FC87E /* DwaeeTests.m in Sources */ = {isa = PBXBuildFile; fileRef = 00E356F21AD99517003FC87E /* DwaeeTests.m */; };
		0FC7CBA71C3A4C83818FAE21 /* SFProDisplay-Semibold.ttf in Resources */ = {isa = PBXBuildFile; fileRef = 4118BA58F54447689997A755 /* SFProDisplay-Semibold.ttf */; };
		13B07FBC1A68108700A75B9A /* AppDelegate.m in Sources */ = {isa = PBXBuildFile; fileRef = 13B07FB01A68108700A75B9A /* AppDelegate.m */; };
		13B07FBF1A68108700A75B9A /* Images.xcassets in Resources */ = {isa = PBXBuildFile; fileRef = 13B07FB51A68108700A75B9A /* Images.xcassets */; };
		13B07FC11A68108700A75B9A /* main.m in Sources */ = {isa = PBXBuildFile; fileRef = 13B07FB71A68108700A75B9A /* main.m */; };
		65BBB596F463479F9FAE3061 /* SFProDisplay-Regular.ttf in Resources */ = {isa = PBXBuildFile; fileRef = 75011542EE1C4A24AF884946 /* SFProDisplay-Regular.ttf */; };
		81AB9BB82411601600AC10FF /* LaunchScreen.storyboard in Resources */ = {isa = PBXBuildFile; fileRef = 81AB9BB72411601600AC10FF /* LaunchScreen.storyboard */; };
		82D74441264273A500C566B6 /* File.swift in Sources */ = {isa = PBXBuildFile; fileRef = 82D74440264273A500C566B6 /* File.swift */; };
		82D7445F2642766C00C566B6 /* FontAwesome5_Regular.ttf in Resources */ = {isa = PBXBuildFile; fileRef = BA1552BCF65A438591E758B3 /* FontAwesome5_Regular.ttf */; };
		82D744602642766C00C566B6 /* Roboto-Regular.ttf in Resources */ = {isa = PBXBuildFile; fileRef = 3B3CC4FBB5374923B5C7F69D /* Roboto-Regular.ttf */; };
		82D744612642766C00C566B6 /* FontAwesome5_Solid.ttf in Resources */ = {isa = PBXBuildFile; fileRef = 33D855652EB64E51A1FBC21E /* FontAwesome5_Solid.ttf */; };
		82D744622642766C00C566B6 /* Fontisto.ttf in Resources */ = {isa = PBXBuildFile; fileRef = 0CC19AEF3AE44F64B0CECE9C /* Fontisto.ttf */; };
		82D744632642766C00C566B6 /* Roboto-Bold.ttf in Resources */ = {isa = PBXBuildFile; fileRef = 069BFD81CCB44687B9646300 /* Roboto-Bold.ttf */; };
		82D744642642766C00C566B6 /* SimpleLineIcons.ttf in Resources */ = {isa = PBXBuildFile; fileRef = 66DB6E4BDDBD46A7A4196ABF /* SimpleLineIcons.ttf */; };
		82D744652642766C00C566B6 /* Octicons.ttf in Resources */ = {isa = PBXBuildFile; fileRef = 12B33748604F467EA1B24154 /* Octicons.ttf */; };
		82D744662642766C00C566B6 /* Ionicons.ttf in Resources */ = {isa = PBXBuildFile; fileRef = 802FE4C1A1AC47BE8F712A6B /* Ionicons.ttf */; };
		82D744672642766C00C566B6 /* Zocial.ttf in Resources */ = {isa = PBXBuildFile; fileRef = BD4BF67A4AC6419AA712772E /* Zocial.ttf */; };
		82D744682642766C00C566B6 /* Roboto-Light.ttf in Resources */ = {isa = PBXBuildFile; fileRef = 8C24A5CC29944B54AFF83AAE /* Roboto-Light.ttf */; };
		82D744692642766C00C566B6 /* Roboto-Medium.ttf in Resources */ = {isa = PBXBuildFile; fileRef = 5AEF289A6B094D078ACAC4F3 /* Roboto-Medium.ttf */; };
		82D7446A2642766C00C566B6 /* OpenSauceSans-Bold.ttf in Resources */ = {isa = PBXBuildFile; fileRef = 54E6A3834BA9404595D97665 /* OpenSauceSans-Bold.ttf */; };
		82D7446B2642766C00C566B6 /* MaterialIcons.ttf in Resources */ = {isa = PBXBuildFile; fileRef = 3C6F2E44C62A4F069268CCC5 /* MaterialIcons.ttf */; };
		82D7446C2642766C00C566B6 /* Foundation.ttf in Resources */ = {isa = PBXBuildFile; fileRef = AD4412E6B937482F97357CA2 /* Foundation.ttf */; };
		82D7446D2642766C00C566B6 /* OpenSauceSans-Medium.ttf in Resources */ = {isa = PBXBuildFile; fileRef = 5F7446C821FD4DBDBFB36DCE /* OpenSauceSans-Medium.ttf */; };
		82D7446E2642766C00C566B6 /* EvilIcons.ttf in Resources */ = {isa = PBXBuildFile; fileRef = 747C3F9870D646468F13CFDE /* EvilIcons.ttf */; };
		82D7446F2642766C00C566B6 /* MaterialCommunityIcons.ttf in Resources */ = {isa = PBXBuildFile; fileRef = E0A4D35600B0472795F543E6 /* MaterialCommunityIcons.ttf */; };
		82D744702642766C00C566B6 /* FontAwesome.ttf in Resources */ = {isa = PBXBuildFile; fileRef = 9A3E05CCA32D46ABADEAFB15 /* FontAwesome.ttf */; };
		82D744712642766C00C566B6 /* Feather.ttf in Resources */ = {isa = PBXBuildFile; fileRef = 3B22571664744E73B06873DD /* Feather.ttf */; };
		82D744722642766C00C566B6 /* OpenSauceSans-Light.ttf in Resources */ = {isa = PBXBuildFile; fileRef = BABE3A66A85D407786D2572E /* OpenSauceSans-Light.ttf */; };
		82D744732642766C00C566B6 /* Entypo.ttf in Resources */ = {isa = PBXBuildFile; fileRef = 8651F533A9E14C0997C22FE1 /* Entypo.ttf */; };
		82D744742642766C00C566B6 /* OpenSauceSans-Regular.ttf in Resources */ = {isa = PBXBuildFile; fileRef = B69D9100999A46DD8416AC04 /* OpenSauceSans-Regular.ttf */; };
		82D744752642766C00C566B6 /* AntDesign.ttf in Resources */ = {isa = PBXBuildFile; fileRef = 43B3B74B610B446CBC17C75A /* AntDesign.ttf */; };
		82D744762642766C00C566B6 /* FontAwesome5_Brands.ttf in Resources */ = {isa = PBXBuildFile; fileRef = AAD6821D248446E5AA43FB9D /* FontAwesome5_Brands.ttf */; };
		8452C1855D71860670A19110 /* libPods-Dwaee.a in Frameworks */ = {isa = PBXBuildFile; fileRef = 178E43C92DDB93BCBD3A86BA /* libPods-Dwaee.a */; };
		E537895A50E248B0B57352FA /* SFProText-Regular.ttf in Resources */ = {isa = PBXBuildFile; fileRef = 5D927EE4088C44FBB746A389 /* SFProText-Regular.ttf */; };
		F79E243BDFDD9C5DAE0B5992 /* libPods-Dwaee-DwaeeTests.a in Frameworks */ = {isa = PBXBuildFile; fileRef = 44C24C1509735C0E67AA0740 /* libPods-Dwaee-DwaeeTests.a */; };
/* End PBXBuildFile section */

/* Begin PBXContainerItemProxy section */
		00E356F41AD99517003FC87E /* PBXContainerItemProxy */ = {
			isa = PBXContainerItemProxy;
			containerPortal = 83CBB9F71A601CBA00E9B192 /* Project object */;
			proxyType = 1;
			remoteGlobalIDString = 13B07F861A680F5B00A75B9A;
			remoteInfo = Dwaee;
		};
/* End PBXContainerItemProxy section */

/* Begin PBXFileReference section */
		00E356EE1AD99517003FC87E /* DwaeeTests.xctest */ = {isa = PBXFileReference; explicitFileType = wrapper.cfbundle; includeInIndex = 0; path = DwaeeTests.xctest; sourceTree = BUILT_PRODUCTS_DIR; };
		00E356F11AD99517003FC87E /* Info.plist */ = {isa = PBXFileReference; lastKnownFileType = text.plist.xml; path = Info.plist; sourceTree = "<group>"; };
		00E356F21AD99517003FC87E /* DwaeeTests.m */ = {isa = PBXFileReference; lastKnownFileType = sourcecode.c.objc; path = DwaeeTests.m; sourceTree = "<group>"; };
		069BFD81CCB44687B9646300 /* Roboto-Bold.ttf */ = {isa = PBXFileReference; explicitFileType = undefined; fileEncoding = 9; includeInIndex = 0; lastKnownFileType = unknown; name = "Roboto-Bold.ttf"; path = "../src/assets/fonts/Roboto-Bold.ttf"; sourceTree = "<group>"; };
		0B5AC151BC5D4860CA7A664E /* Pods-Dwaee-DwaeeTests.release.xcconfig */ = {isa = PBXFileReference; includeInIndex = 1; lastKnownFileType = text.xcconfig; name = "Pods-Dwaee-DwaeeTests.release.xcconfig"; path = "Target Support Files/Pods-Dwaee-DwaeeTests/Pods-Dwaee-DwaeeTests.release.xcconfig"; sourceTree = "<group>"; };
		0CC19AEF3AE44F64B0CECE9C /* Fontisto.ttf */ = {isa = PBXFileReference; explicitFileType = undefined; fileEncoding = 9; includeInIndex = 0; lastKnownFileType = unknown; name = Fontisto.ttf; path = "../node_modules/react-native-vector-icons/Fonts/Fontisto.ttf"; sourceTree = "<group>"; };
		12B33748604F467EA1B24154 /* Octicons.ttf */ = {isa = PBXFileReference; explicitFileType = undefined; fileEncoding = 9; includeInIndex = 0; lastKnownFileType = unknown; name = Octicons.ttf; path = "../node_modules/react-native-vector-icons/Fonts/Octicons.ttf"; sourceTree = "<group>"; };
		13B07F961A680F5B00A75B9A /* Dwaee.app */ = {isa = PBXFileReference; explicitFileType = wrapper.application; includeInIndex = 0; path = Dwaee.app; sourceTree = BUILT_PRODUCTS_DIR; };
		13B07FAF1A68108700A75B9A /* AppDelegate.h */ = {isa = PBXFileReference; fileEncoding = 4; lastKnownFileType = sourcecode.c.h; name = AppDelegate.h; path = Dwaee/AppDelegate.h; sourceTree = "<group>"; };
		13B07FB01A68108700A75B9A /* AppDelegate.m */ = {isa = PBXFileReference; fileEncoding = 4; lastKnownFileType = sourcecode.c.objc; name = AppDelegate.m; path = Dwaee/AppDelegate.m; sourceTree = "<group>"; };
		13B07FB51A68108700A75B9A /* Images.xcassets */ = {isa = PBXFileReference; lastKnownFileType = folder.assetcatalog; name = Images.xcassets; path = Dwaee/Images.xcassets; sourceTree = "<group>"; };
		13B07FB61A68108700A75B9A /* Info.plist */ = {isa = PBXFileReference; fileEncoding = 4; lastKnownFileType = text.plist.xml; name = Info.plist; path = Dwaee/Info.plist; sourceTree = "<group>"; };
		13B07FB71A68108700A75B9A /* main.m */ = {isa = PBXFileReference; fileEncoding = 4; lastKnownFileType = sourcecode.c.objc; name = main.m; path = Dwaee/main.m; sourceTree = "<group>"; };
		178E43C92DDB93BCBD3A86BA /* libPods-Dwaee.a */ = {isa = PBXFileReference; explicitFileType = archive.ar; includeInIndex = 0; path = "libPods-Dwaee.a"; sourceTree = BUILT_PRODUCTS_DIR; };
		33D855652EB64E51A1FBC21E /* FontAwesome5_Solid.ttf */ = {isa = PBXFileReference; explicitFileType = undefined; fileEncoding = 9; includeInIndex = 0; lastKnownFileType = unknown; name = FontAwesome5_Solid.ttf; path = "../node_modules/react-native-vector-icons/Fonts/FontAwesome5_Solid.ttf"; sourceTree = "<group>"; };
		3B22571664744E73B06873DD /* Feather.ttf */ = {isa = PBXFileReference; explicitFileType = undefined; fileEncoding = 9; includeInIndex = 0; lastKnownFileType = unknown; name = Feather.ttf; path = "../node_modules/react-native-vector-icons/Fonts/Feather.ttf"; sourceTree = "<group>"; };
		3B3CC4FBB5374923B5C7F69D /* Roboto-Regular.ttf */ = {isa = PBXFileReference; explicitFileType = undefined; fileEncoding = 9; includeInIndex = 0; lastKnownFileType = unknown; name = "Roboto-Regular.ttf"; path = "../src/assets/fonts/Roboto-Regular.ttf"; sourceTree = "<group>"; };
		3C6F2E44C62A4F069268CCC5 /* MaterialIcons.ttf */ = {isa = PBXFileReference; explicitFileType = undefined; fileEncoding = 9; includeInIndex = 0; lastKnownFileType = unknown; name = MaterialIcons.ttf; path = "../node_modules/react-native-vector-icons/Fonts/MaterialIcons.ttf"; sourceTree = "<group>"; };
		4118BA58F54447689997A755 /* SFProDisplay-Semibold.ttf */ = {isa = PBXFileReference; explicitFileType = undefined; fileEncoding = 9; includeInIndex = 0; lastKnownFileType = unknown; name = "SFProDisplay-Semibold.ttf"; path = "../src/assets/fonts/SFProDisplay-Semibold.ttf"; sourceTree = "<group>"; };
		43B3B74B610B446CBC17C75A /* AntDesign.ttf */ = {isa = PBXFileReference; explicitFileType = undefined; fileEncoding = 9; includeInIndex = 0; lastKnownFileType = unknown; name = AntDesign.ttf; path = "../node_modules/react-native-vector-icons/Fonts/AntDesign.ttf"; sourceTree = "<group>"; };
		44C24C1509735C0E67AA0740 /* libPods-Dwaee-DwaeeTests.a */ = {isa = PBXFileReference; explicitFileType = archive.ar; includeInIndex = 0; path = "libPods-Dwaee-DwaeeTests.a"; sourceTree = BUILT_PRODUCTS_DIR; };
		5339586E7F79E27D515D8D99 /* Pods-Dwaee-DwaeeTests.debug.xcconfig */ = {isa = PBXFileReference; includeInIndex = 1; lastKnownFileType = text.xcconfig; name = "Pods-Dwaee-DwaeeTests.debug.xcconfig"; path = "Target Support Files/Pods-Dwaee-DwaeeTests/Pods-Dwaee-DwaeeTests.debug.xcconfig"; sourceTree = "<group>"; };
		54E6A3834BA9404595D97665 /* OpenSauceSans-Bold.ttf */ = {isa = PBXFileReference; explicitFileType = undefined; fileEncoding = 9; includeInIndex = 0; lastKnownFileType = unknown; name = "OpenSauceSans-Bold.ttf"; path = "../src/assets/fonts/OpenSauceSans-Bold.ttf"; sourceTree = "<group>"; };
		5AEF289A6B094D078ACAC4F3 /* Roboto-Medium.ttf */ = {isa = PBXFileReference; explicitFileType = undefined; fileEncoding = 9; includeInIndex = 0; lastKnownFileType = unknown; name = "Roboto-Medium.ttf"; path = "../src/assets/fonts/Roboto-Medium.ttf"; sourceTree = "<group>"; };
		5D927EE4088C44FBB746A389 /* SFProText-Regular.ttf */ = {isa = PBXFileReference; explicitFileType = undefined; fileEncoding = 9; includeInIndex = 0; lastKnownFileType = unknown; name = "SFProText-Regular.ttf"; path = "../src/assets/fonts/SFProText-Regular.ttf"; sourceTree = "<group>"; };
		5F7446C821FD4DBDBFB36DCE /* OpenSauceSans-Medium.ttf */ = {isa = PBXFileReference; explicitFileType = undefined; fileEncoding = 9; includeInIndex = 0; lastKnownFileType = unknown; name = "OpenSauceSans-Medium.ttf"; path = "../src/assets/fonts/OpenSauceSans-Medium.ttf"; sourceTree = "<group>"; };
		66DB6E4BDDBD46A7A4196ABF /* SimpleLineIcons.ttf */ = {isa = PBXFileReference; explicitFileType = undefined; fileEncoding = 9; includeInIndex = 0; lastKnownFileType = unknown; name = SimpleLineIcons.ttf; path = "../node_modules/react-native-vector-icons/Fonts/SimpleLineIcons.ttf"; sourceTree = "<group>"; };
		747C3F9870D646468F13CFDE /* EvilIcons.ttf */ = {isa = PBXFileReference; explicitFileType = undefined; fileEncoding = 9; includeInIndex = 0; lastKnownFileType = unknown; name = EvilIcons.ttf; path = "../node_modules/react-native-vector-icons/Fonts/EvilIcons.ttf"; sourceTree = "<group>"; };
		75011542EE1C4A24AF884946 /* SFProDisplay-Regular.ttf */ = {isa = PBXFileReference; explicitFileType = undefined; fileEncoding = 9; includeInIndex = 0; lastKnownFileType = unknown; name = "SFProDisplay-Regular.ttf"; path = "../src/assets/fonts/SFProDisplay-Regular.ttf"; sourceTree = "<group>"; };
		802FE4C1A1AC47BE8F712A6B /* Ionicons.ttf */ = {isa = PBXFileReference; explicitFileType = undefined; fileEncoding = 9; includeInIndex = 0; lastKnownFileType = unknown; name = Ionicons.ttf; path = "../node_modules/react-native-vector-icons/Fonts/Ionicons.ttf"; sourceTree = "<group>"; };
		81AB9BB72411601600AC10FF /* LaunchScreen.storyboard */ = {isa = PBXFileReference; fileEncoding = 4; lastKnownFileType = file.storyboard; name = LaunchScreen.storyboard; path = Dwaee/LaunchScreen.storyboard; sourceTree = "<group>"; };
		82D7443F264273A500C566B6 /* Dwaee-Bridging-Header.h */ = {isa = PBXFileReference; lastKnownFileType = sourcecode.c.h; path = "Dwaee-Bridging-Header.h"; sourceTree = "<group>"; };
		82D74440264273A500C566B6 /* File.swift */ = {isa = PBXFileReference; lastKnownFileType = sourcecode.swift; path = File.swift; sourceTree = "<group>"; };
		8651F533A9E14C0997C22FE1 /* Entypo.ttf */ = {isa = PBXFileReference; explicitFileType = undefined; fileEncoding = 9; includeInIndex = 0; lastKnownFileType = unknown; name = Entypo.ttf; path = "../node_modules/react-native-vector-icons/Fonts/Entypo.ttf"; sourceTree = "<group>"; };
		8C24A5CC29944B54AFF83AAE /* Roboto-Light.ttf */ = {isa = PBXFileReference; explicitFileType = undefined; fileEncoding = 9; includeInIndex = 0; lastKnownFileType = unknown; name = "Roboto-Light.ttf"; path = "../src/assets/fonts/Roboto-Light.ttf"; sourceTree = "<group>"; };
		9A3E05CCA32D46ABADEAFB15 /* FontAwesome.ttf */ = {isa = PBXFileReference; explicitFileType = undefined; fileEncoding = 9; includeInIndex = 0; lastKnownFileType = unknown; name = FontAwesome.ttf; path = "../node_modules/react-native-vector-icons/Fonts/FontAwesome.ttf"; sourceTree = "<group>"; };
		A50D6CDB58D6C64A1C5B1058 /* Pods-Dwaee.release.xcconfig */ = {isa = PBXFileReference; includeInIndex = 1; lastKnownFileType = text.xcconfig; name = "Pods-Dwaee.release.xcconfig"; path = "Target Support Files/Pods-Dwaee/Pods-Dwaee.release.xcconfig"; sourceTree = "<group>"; };
		AAAABE6E6957F5099B27B62A /* Pods-Dwaee.debug.xcconfig */ = {isa = PBXFileReference; includeInIndex = 1; lastKnownFileType = text.xcconfig; name = "Pods-Dwaee.debug.xcconfig"; path = "Target Support Files/Pods-Dwaee/Pods-Dwaee.debug.xcconfig"; sourceTree = "<group>"; };
		AAD6821D248446E5AA43FB9D /* FontAwesome5_Brands.ttf */ = {isa = PBXFileReference; explicitFileType = undefined; fileEncoding = 9; includeInIndex = 0; lastKnownFileType = unknown; name = FontAwesome5_Brands.ttf; path = "../node_modules/react-native-vector-icons/Fonts/FontAwesome5_Brands.ttf"; sourceTree = "<group>"; };
		AD4412E6B937482F97357CA2 /* Foundation.ttf */ = {isa = PBXFileReference; explicitFileType = undefined; fileEncoding = 9; includeInIndex = 0; lastKnownFileType = unknown; name = Foundation.ttf; path = "../node_modules/react-native-vector-icons/Fonts/Foundation.ttf"; sourceTree = "<group>"; };
		B69D9100999A46DD8416AC04 /* OpenSauceSans-Regular.ttf */ = {isa = PBXFileReference; explicitFileType = undefined; fileEncoding = 9; includeInIndex = 0; lastKnownFileType = unknown; name = "OpenSauceSans-Regular.ttf"; path = "../src/assets/fonts/OpenSauceSans-Regular.ttf"; sourceTree = "<group>"; };
		BA1552BCF65A438591E758B3 /* FontAwesome5_Regular.ttf */ = {isa = PBXFileReference; explicitFileType = undefined; fileEncoding = 9; includeInIndex = 0; lastKnownFileType = unknown; name = FontAwesome5_Regular.ttf; path = "../node_modules/react-native-vector-icons/Fonts/FontAwesome5_Regular.ttf"; sourceTree = "<group>"; };
		BABE3A66A85D407786D2572E /* OpenSauceSans-Light.ttf */ = {isa = PBXFileReference; explicitFileType = undefined; fileEncoding = 9; includeInIndex = 0; lastKnownFileType = unknown; name = "OpenSauceSans-Light.ttf"; path = "../src/assets/fonts/OpenSauceSans-Light.ttf"; sourceTree = "<group>"; };
		BD4BF67A4AC6419AA712772E /* Zocial.ttf */ = {isa = PBXFileReference; explicitFileType = undefined; fileEncoding = 9; includeInIndex = 0; lastKnownFileType = unknown; name = Zocial.ttf; path = "../node_modules/react-native-vector-icons/Fonts/Zocial.ttf"; sourceTree = "<group>"; };
		E0A4D35600B0472795F543E6 /* MaterialCommunityIcons.ttf */ = {isa = PBXFileReference; explicitFileType = undefined; fileEncoding = 9; includeInIndex = 0; lastKnownFileType = unknown; name = MaterialCommunityIcons.ttf; path = "../node_modules/react-native-vector-icons/Fonts/MaterialCommunityIcons.ttf"; sourceTree = "<group>"; };
		ED297162215061F000B7C4FE /* JavaScriptCore.framework */ = {isa = PBXFileReference; lastKnownFileType = wrapper.framework; name = JavaScriptCore.framework; path = System/Library/Frameworks/JavaScriptCore.framework; sourceTree = SDKROOT; };
/* End PBXFileReference section */

/* Begin PBXFrameworksBuildPhase section */
		00E356EB1AD99517003FC87E /* Frameworks */ = {
			isa = PBXFrameworksBuildPhase;
			buildActionMask = 2147483647;
			files = (
				F79E243BDFDD9C5DAE0B5992 /* libPods-Dwaee-DwaeeTests.a in Frameworks */,
			);
			runOnlyForDeploymentPostprocessing = 0;
		};
		13B07F8C1A680F5B00A75B9A /* Frameworks */ = {
			isa = PBXFrameworksBuildPhase;
			buildActionMask = 2147483647;
			files = (
				8452C1855D71860670A19110 /* libPods-Dwaee.a in Frameworks */,
			);
			runOnlyForDeploymentPostprocessing = 0;
		};
/* End PBXFrameworksBuildPhase section */

/* Begin PBXGroup section */
		00E356EF1AD99517003FC87E /* DwaeeTests */ = {
			isa = PBXGroup;
			children = (
				00E356F21AD99517003FC87E /* DwaeeTests.m */,
				00E356F01AD99517003FC87E /* Supporting Files */,
			);
			path = DwaeeTests;
			sourceTree = "<group>";
		};
		00E356F01AD99517003FC87E /* Supporting Files */ = {
			isa = PBXGroup;
			children = (
				00E356F11AD99517003FC87E /* Info.plist */,
			);
			name = "Supporting Files";
			sourceTree = "<group>";
		};
		13B07FAE1A68108700A75B9A /* Dwaee */ = {
			isa = PBXGroup;
			children = (
				13B07FAF1A68108700A75B9A /* AppDelegate.h */,
				13B07FB01A68108700A75B9A /* AppDelegate.m */,
				13B07FB51A68108700A75B9A /* Images.xcassets */,
				13B07FB61A68108700A75B9A /* Info.plist */,
				81AB9BB72411601600AC10FF /* LaunchScreen.storyboard */,
				13B07FB71A68108700A75B9A /* main.m */,
				82D74440264273A500C566B6 /* File.swift */,
				82D7443F264273A500C566B6 /* Dwaee-Bridging-Header.h */,
			);
			name = Dwaee;
			sourceTree = "<group>";
		};
		2D16E6871FA4F8E400B85C8A /* Frameworks */ = {
			isa = PBXGroup;
			children = (
				ED297162215061F000B7C4FE /* JavaScriptCore.framework */,
				178E43C92DDB93BCBD3A86BA /* libPods-Dwaee.a */,
				44C24C1509735C0E67AA0740 /* libPods-Dwaee-DwaeeTests.a */,
			);
			name = Frameworks;
			sourceTree = "<group>";
		};
		5D0CEF5F80D5065F6BB33998 /* Pods */ = {
			isa = PBXGroup;
			children = (
				AAAABE6E6957F5099B27B62A /* Pods-Dwaee.debug.xcconfig */,
				A50D6CDB58D6C64A1C5B1058 /* Pods-Dwaee.release.xcconfig */,
				5339586E7F79E27D515D8D99 /* Pods-Dwaee-DwaeeTests.debug.xcconfig */,
				0B5AC151BC5D4860CA7A664E /* Pods-Dwaee-DwaeeTests.release.xcconfig */,
			);
			path = Pods;
			sourceTree = "<group>";
		};
		832341AE1AAA6A7D00B99B32 /* Libraries */ = {
			isa = PBXGroup;
			children = (
			);
			name = Libraries;
			sourceTree = "<group>";
		};
		83CBB9F61A601CBA00E9B192 = {
			isa = PBXGroup;
			children = (
				13B07FAE1A68108700A75B9A /* Dwaee */,
				832341AE1AAA6A7D00B99B32 /* Libraries */,
				00E356EF1AD99517003FC87E /* DwaeeTests */,
				83CBBA001A601CBA00E9B192 /* Products */,
				2D16E6871FA4F8E400B85C8A /* Frameworks */,
				5D0CEF5F80D5065F6BB33998 /* Pods */,
				A9E63F4890A848869F7FC6E9 /* Resources */,
			);
			indentWidth = 2;
			sourceTree = "<group>";
			tabWidth = 2;
			usesTabs = 0;
		};
		83CBBA001A601CBA00E9B192 /* Products */ = {
			isa = PBXGroup;
			children = (
				13B07F961A680F5B00A75B9A /* Dwaee.app */,
				00E356EE1AD99517003FC87E /* DwaeeTests.xctest */,
			);
			name = Products;
			sourceTree = "<group>";
		};
		A9E63F4890A848869F7FC6E9 /* Resources */ = {
			isa = PBXGroup;
			children = (
				54E6A3834BA9404595D97665 /* OpenSauceSans-Bold.ttf */,
				BABE3A66A85D407786D2572E /* OpenSauceSans-Light.ttf */,
				5F7446C821FD4DBDBFB36DCE /* OpenSauceSans-Medium.ttf */,
				B69D9100999A46DD8416AC04 /* OpenSauceSans-Regular.ttf */,
				069BFD81CCB44687B9646300 /* Roboto-Bold.ttf */,
				8C24A5CC29944B54AFF83AAE /* Roboto-Light.ttf */,
				5AEF289A6B094D078ACAC4F3 /* Roboto-Medium.ttf */,
				3B3CC4FBB5374923B5C7F69D /* Roboto-Regular.ttf */,
				43B3B74B610B446CBC17C75A /* AntDesign.ttf */,
				8651F533A9E14C0997C22FE1 /* Entypo.ttf */,
				747C3F9870D646468F13CFDE /* EvilIcons.ttf */,
				3B22571664744E73B06873DD /* Feather.ttf */,
				9A3E05CCA32D46ABADEAFB15 /* FontAwesome.ttf */,
				AAD6821D248446E5AA43FB9D /* FontAwesome5_Brands.ttf */,
				BA1552BCF65A438591E758B3 /* FontAwesome5_Regular.ttf */,
				33D855652EB64E51A1FBC21E /* FontAwesome5_Solid.ttf */,
				0CC19AEF3AE44F64B0CECE9C /* Fontisto.ttf */,
				AD4412E6B937482F97357CA2 /* Foundation.ttf */,
				802FE4C1A1AC47BE8F712A6B /* Ionicons.ttf */,
				E0A4D35600B0472795F543E6 /* MaterialCommunityIcons.ttf */,
				3C6F2E44C62A4F069268CCC5 /* MaterialIcons.ttf */,
				12B33748604F467EA1B24154 /* Octicons.ttf */,
				66DB6E4BDDBD46A7A4196ABF /* SimpleLineIcons.ttf */,
				BD4BF67A4AC6419AA712772E /* Zocial.ttf */,
				75011542EE1C4A24AF884946 /* SFProDisplay-Regular.ttf */,
				4118BA58F54447689997A755 /* SFProDisplay-Semibold.ttf */,
				5D927EE4088C44FBB746A389 /* SFProText-Regular.ttf */,
			);
			name = Resources;
			sourceTree = "<group>";
		};
/* End PBXGroup section */

/* Begin PBXNativeTarget section */
		00E356ED1AD99517003FC87E /* DwaeeTests */ = {
			isa = PBXNativeTarget;
			buildConfigurationList = 00E357021AD99517003FC87E /* Build configuration list for PBXNativeTarget "DwaeeTests" */;
			buildPhases = (
				B43E9B994CBD8C9FE505C336 /* [CP] Check Pods Manifest.lock */,
				00E356EA1AD99517003FC87E /* Sources */,
				00E356EB1AD99517003FC87E /* Frameworks */,
				00E356EC1AD99517003FC87E /* Resources */,
				FB143CBB24D39A9FAAA0D273 /* [CP] Embed Pods Frameworks */,
				2E8F65714C6C15FBCF4A209A /* [CP] Copy Pods Resources */,
			);
			buildRules = (
			);
			dependencies = (
				00E356F51AD99517003FC87E /* PBXTargetDependency */,
			);
			name = DwaeeTests;
			productName = DwaeeTests;
			productReference = 00E356EE1AD99517003FC87E /* DwaeeTests.xctest */;
			productType = "com.apple.product-type.bundle.unit-test";
		};
		13B07F861A680F5B00A75B9A /* Dwaee */ = {
			isa = PBXNativeTarget;
			buildConfigurationList = 13B07F931A680F5B00A75B9A /* Build configuration list for PBXNativeTarget "Dwaee" */;
			buildPhases = (
				A77787E33DE54784B5549A3E /* [CP] Check Pods Manifest.lock */,
				FD10A7F022414F080027D42C /* Start Packager */,
				13B07F871A680F5B00A75B9A /* Sources */,
				13B07F8C1A680F5B00A75B9A /* Frameworks */,
				13B07F8E1A680F5B00A75B9A /* Resources */,
				00DD1BFF1BD5951E006B06BC /* Bundle React Native code and images */,
				3FC6D68F1B8983DEFBA234D6 /* [CP] Embed Pods Frameworks */,
				AC910AF28C77AF0F42CB4D8B /* [CP] Copy Pods Resources */,
			);
			buildRules = (
			);
			dependencies = (
			);
			name = Dwaee;
			productName = Dwaee;
			productReference = 13B07F961A680F5B00A75B9A /* Dwaee.app */;
			productType = "com.apple.product-type.application";
		};
/* End PBXNativeTarget section */

/* Begin PBXProject section */
		83CBB9F71A601CBA00E9B192 /* Project object */ = {
			isa = PBXProject;
			attributes = {
				LastUpgradeCheck = 1210;
				TargetAttributes = {
					00E356ED1AD99517003FC87E = {
						CreatedOnToolsVersion = 6.2;
						TestTargetID = 13B07F861A680F5B00A75B9A;
					};
					13B07F861A680F5B00A75B9A = {
						LastSwiftMigration = 1240;
					};
				};
			};
			buildConfigurationList = 83CBB9FA1A601CBA00E9B192 /* Build configuration list for PBXProject "Dwaee" */;
			compatibilityVersion = "Xcode 12.0";
			developmentRegion = en;
			hasScannedForEncodings = 0;
			knownRegions = (
				en,
				Base,
			);
			mainGroup = 83CBB9F61A601CBA00E9B192;
			productRefGroup = 83CBBA001A601CBA00E9B192 /* Products */;
			projectDirPath = "";
			projectRoot = "";
			targets = (
				13B07F861A680F5B00A75B9A /* Dwaee */,
				00E356ED1AD99517003FC87E /* DwaeeTests */,
			);
		};
/* End PBXProject section */

/* Begin PBXResourcesBuildPhase section */
		00E356EC1AD99517003FC87E /* Resources */ = {
			isa = PBXResourcesBuildPhase;
			buildActionMask = 2147483647;
			files = (
			);
			runOnlyForDeploymentPostprocessing = 0;
		};
		13B07F8E1A680F5B00A75B9A /* Resources */ = {
			isa = PBXResourcesBuildPhase;
			buildActionMask = 2147483647;
			files = (
				82D744692642766C00C566B6 /* Roboto-Medium.ttf in Resources */,
				82D7446C2642766C00C566B6 /* Foundation.ttf in Resources */,
				82D744722642766C00C566B6 /* OpenSauceSans-Light.ttf in Resources */,
				82D744662642766C00C566B6 /* Ionicons.ttf in Resources */,
				82D744752642766C00C566B6 /* AntDesign.ttf in Resources */,
				82D744762642766C00C566B6 /* FontAwesome5_Brands.ttf in Resources */,
				82D7446B2642766C00C566B6 /* MaterialIcons.ttf in Resources */,
				82D7446A2642766C00C566B6 /* OpenSauceSans-Bold.ttf in Resources */,
				82D744632642766C00C566B6 /* Roboto-Bold.ttf in Resources */,
				82D7446D2642766C00C566B6 /* OpenSauceSans-Medium.ttf in Resources */,
				82D7446E2642766C00C566B6 /* EvilIcons.ttf in Resources */,
				82D744712642766C00C566B6 /* Feather.ttf in Resources */,
				82D744682642766C00C566B6 /* Roboto-Light.ttf in Resources */,
				82D744652642766C00C566B6 /* Octicons.ttf in Resources */,
				82D744742642766C00C566B6 /* OpenSauceSans-Regular.ttf in Resources */,
				82D744622642766C00C566B6 /* Fontisto.ttf in Resources */,
				82D744702642766C00C566B6 /* FontAwesome.ttf in Resources */,
				82D744732642766C00C566B6 /* Entypo.ttf in Resources */,
				82D744612642766C00C566B6 /* FontAwesome5_Solid.ttf in Resources */,
				82D7445F2642766C00C566B6 /* FontAwesome5_Regular.ttf in Resources */,
				82D744672642766C00C566B6 /* Zocial.ttf in Resources */,
				81AB9BB82411601600AC10FF /* LaunchScreen.storyboard in Resources */,
				82D7446F2642766C00C566B6 /* MaterialCommunityIcons.ttf in Resources */,
				82D744642642766C00C566B6 /* SimpleLineIcons.ttf in Resources */,
				82D744602642766C00C566B6 /* Roboto-Regular.ttf in Resources */,
				13B07FBF1A68108700A75B9A /* Images.xcassets in Resources */,
				65BBB596F463479F9FAE3061 /* SFProDisplay-Regular.ttf in Resources */,
				0FC7CBA71C3A4C83818FAE21 /* SFProDisplay-Semibold.ttf in Resources */,
				E537895A50E248B0B57352FA /* SFProText-Regular.ttf in Resources */,
			);
			runOnlyForDeploymentPostprocessing = 0;
		};
/* End PBXResourcesBuildPhase section */

/* Begin PBXShellScriptBuildPhase section */
		00DD1BFF1BD5951E006B06BC /* Bundle React Native code and images */ = {
			isa = PBXShellScriptBuildPhase;
			buildActionMask = 2147483647;
			files = (
			);
			inputPaths = (
			);
			name = "Bundle React Native code and images";
			outputPaths = (
			);
			runOnlyForDeploymentPostprocessing = 0;
			shellPath = /bin/sh;
			shellScript = "set -e\n\nexport NODE_BINARY=node\n../node_modules/react-native/scripts/react-native-xcode.sh\n";
		};
		2E8F65714C6C15FBCF4A209A /* [CP] Copy Pods Resources */ = {
			isa = PBXShellScriptBuildPhase;
			buildActionMask = 2147483647;
			files = (
			);
			inputFileListPaths = (
				"${PODS_ROOT}/Target Support Files/Pods-Dwaee-DwaeeTests/Pods-Dwaee-DwaeeTests-resources-${CONFIGURATION}-input-files.xcfilelist",
			);
			name = "[CP] Copy Pods Resources";
			outputFileListPaths = (
				"${PODS_ROOT}/Target Support Files/Pods-Dwaee-DwaeeTests/Pods-Dwaee-DwaeeTests-resources-${CONFIGURATION}-output-files.xcfilelist",
			);
			runOnlyForDeploymentPostprocessing = 0;
			shellPath = /bin/sh;
			shellScript = "\"${PODS_ROOT}/Target Support Files/Pods-Dwaee-DwaeeTests/Pods-Dwaee-DwaeeTests-resources.sh\"\n";
			showEnvVarsInLog = 0;
		};
		3FC6D68F1B8983DEFBA234D6 /* [CP] Embed Pods Frameworks */ = {
			isa = PBXShellScriptBuildPhase;
			buildActionMask = 2147483647;
			files = (
			);
			inputFileListPaths = (
				"${PODS_ROOT}/Target Support Files/Pods-Dwaee/Pods-Dwaee-frameworks-${CONFIGURATION}-input-files.xcfilelist",
			);
			name = "[CP] Embed Pods Frameworks";
			outputFileListPaths = (
				"${PODS_ROOT}/Target Support Files/Pods-Dwaee/Pods-Dwaee-frameworks-${CONFIGURATION}-output-files.xcfilelist",
			);
			runOnlyForDeploymentPostprocessing = 0;
			shellPath = /bin/sh;
			shellScript = "\"${PODS_ROOT}/Target Support Files/Pods-Dwaee/Pods-Dwaee-frameworks.sh\"\n";
			showEnvVarsInLog = 0;
		};
		A77787E33DE54784B5549A3E /* [CP] Check Pods Manifest.lock */ = {
			isa = PBXShellScriptBuildPhase;
			buildActionMask = 2147483647;
			files = (
			);
			inputFileListPaths = (
			);
			inputPaths = (
				"${PODS_PODFILE_DIR_PATH}/Podfile.lock",
				"${PODS_ROOT}/Manifest.lock",
			);
			name = "[CP] Check Pods Manifest.lock";
			outputFileListPaths = (
			);
			outputPaths = (
				"$(DERIVED_FILE_DIR)/Pods-Dwaee-checkManifestLockResult.txt",
			);
			runOnlyForDeploymentPostprocessing = 0;
			shellPath = /bin/sh;
			shellScript = "diff \"${PODS_PODFILE_DIR_PATH}/Podfile.lock\" \"${PODS_ROOT}/Manifest.lock\" > /dev/null\nif [ $? != 0 ] ; then\n    # print error to STDERR\n    echo \"error: The sandbox is not in sync with the Podfile.lock. Run 'pod install' or update your CocoaPods installation.\" >&2\n    exit 1\nfi\n# This output is used by Xcode 'outputs' to avoid re-running this script phase.\necho \"SUCCESS\" > \"${SCRIPT_OUTPUT_FILE_0}\"\n";
			showEnvVarsInLog = 0;
		};
		AC910AF28C77AF0F42CB4D8B /* [CP] Copy Pods Resources */ = {
			isa = PBXShellScriptBuildPhase;
			buildActionMask = 2147483647;
			files = (
			);
			inputFileListPaths = (
			);
			name = "[CP] Copy Pods Resources";
			outputFileListPaths = (
			);
			runOnlyForDeploymentPostprocessing = 0;
			shellPath = /bin/sh;
			shellScript = "\"${PODS_ROOT}/Target Support Files/Pods-Dwaee/Pods-Dwaee-resources.sh\"\n";
			showEnvVarsInLog = 0;
		};
		B43E9B994CBD8C9FE505C336 /* [CP] Check Pods Manifest.lock */ = {
			isa = PBXShellScriptBuildPhase;
			buildActionMask = 2147483647;
			files = (
			);
			inputFileListPaths = (
			);
			inputPaths = (
				"${PODS_PODFILE_DIR_PATH}/Podfile.lock",
				"${PODS_ROOT}/Manifest.lock",
			);
			name = "[CP] Check Pods Manifest.lock";
			outputFileListPaths = (
			);
			outputPaths = (
				"$(DERIVED_FILE_DIR)/Pods-Dwaee-DwaeeTests-checkManifestLockResult.txt",
			);
			runOnlyForDeploymentPostprocessing = 0;
			shellPath = /bin/sh;
			shellScript = "diff \"${PODS_PODFILE_DIR_PATH}/Podfile.lock\" \"${PODS_ROOT}/Manifest.lock\" > /dev/null\nif [ $? != 0 ] ; then\n    # print error to STDERR\n    echo \"error: The sandbox is not in sync with the Podfile.lock. Run 'pod install' or update your CocoaPods installation.\" >&2\n    exit 1\nfi\n# This output is used by Xcode 'outputs' to avoid re-running this script phase.\necho \"SUCCESS\" > \"${SCRIPT_OUTPUT_FILE_0}\"\n";
			showEnvVarsInLog = 0;
		};
		FB143CBB24D39A9FAAA0D273 /* [CP] Embed Pods Frameworks */ = {
			isa = PBXShellScriptBuildPhase;
			buildActionMask = 2147483647;
			files = (
			);
			inputFileListPaths = (
				"${PODS_ROOT}/Target Support Files/Pods-Dwaee-DwaeeTests/Pods-Dwaee-DwaeeTests-frameworks-${CONFIGURATION}-input-files.xcfilelist",
			);
			name = "[CP] Embed Pods Frameworks";
			outputFileListPaths = (
				"${PODS_ROOT}/Target Support Files/Pods-Dwaee-DwaeeTests/Pods-Dwaee-DwaeeTests-frameworks-${CONFIGURATION}-output-files.xcfilelist",
			);
			runOnlyForDeploymentPostprocessing = 0;
			shellPath = /bin/sh;
			shellScript = "\"${PODS_ROOT}/Target Support Files/Pods-Dwaee-DwaeeTests/Pods-Dwaee-DwaeeTests-frameworks.sh\"\n";
			showEnvVarsInLog = 0;
		};
		FD10A7F022414F080027D42C /* Start Packager */ = {
			isa = PBXShellScriptBuildPhase;
			buildActionMask = 2147483647;
			files = (
			);
			inputFileListPaths = (
			);
			inputPaths = (
			);
			name = "Start Packager";
			outputFileListPaths = (
			);
			outputPaths = (
			);
			runOnlyForDeploymentPostprocessing = 0;
			shellPath = /bin/sh;
			shellScript = "export RCT_METRO_PORT=\"${RCT_METRO_PORT:=8081}\"\necho \"export RCT_METRO_PORT=${RCT_METRO_PORT}\" > \"${SRCROOT}/../node_modules/react-native/scripts/.packager.env\"\nif [ -z \"${RCT_NO_LAUNCH_PACKAGER+xxx}\" ] ; then\n  if nc -w 5 -z localhost ${RCT_METRO_PORT} ; then\n    if ! curl -s \"http://localhost:${RCT_METRO_PORT}/status\" | grep -q \"packager-status:running\" ; then\n      echo \"Port ${RCT_METRO_PORT} already in use, packager is either not running or not running correctly\"\n      exit 2\n    fi\n  else\n    open \"$SRCROOT/../node_modules/react-native/scripts/launchPackager.command\" || echo \"Can't start packager automatically\"\n  fi\nfi\n";
			showEnvVarsInLog = 0;
		};
/* End PBXShellScriptBuildPhase section */

/* Begin PBXSourcesBuildPhase section */
		00E356EA1AD99517003FC87E /* Sources */ = {
			isa = PBXSourcesBuildPhase;
			buildActionMask = 2147483647;
			files = (
				00E356F31AD99517003FC87E /* DwaeeTests.m in Sources */,
			);
			runOnlyForDeploymentPostprocessing = 0;
		};
		13B07F871A680F5B00A75B9A /* Sources */ = {
			isa = PBXSourcesBuildPhase;
			buildActionMask = 2147483647;
			files = (
				13B07FBC1A68108700A75B9A /* AppDelegate.m in Sources */,
				82D74441264273A500C566B6 /* File.swift in Sources */,
				13B07FC11A68108700A75B9A /* main.m in Sources */,
			);
			runOnlyForDeploymentPostprocessing = 0;
		};
/* End PBXSourcesBuildPhase section */

/* Begin PBXTargetDependency section */
		00E356F51AD99517003FC87E /* PBXTargetDependency */ = {
			isa = PBXTargetDependency;
			target = 13B07F861A680F5B00A75B9A /* Dwaee */;
			targetProxy = 00E356F41AD99517003FC87E /* PBXContainerItemProxy */;
		};
/* End PBXTargetDependency section */

/* Begin XCBuildConfiguration section */
		00E356F61AD99517003FC87E /* Debug */ = {
			isa = XCBuildConfiguration;
			baseConfigurationReference = 5339586E7F79E27D515D8D99 /* Pods-Dwaee-DwaeeTests.debug.xcconfig */;
			buildSettings = {
				ALWAYS_EMBED_SWIFT_STANDARD_LIBRARIES = YES;
				BUNDLE_LOADER = "$(TEST_HOST)";
				GCC_PREPROCESSOR_DEFINITIONS = (
					"DEBUG=1",
					"$(inherited)",
				);
				INFOPLIST_FILE = DwaeeTests/Info.plist;
				IPHONEOS_DEPLOYMENT_TARGET = 10.0;
				LD_RUNPATH_SEARCH_PATHS = (
					"$(inherited)",
					"@executable_path/Frameworks",
					"@loader_path/Frameworks",
				);
				OTHER_LDFLAGS = (
					"-ObjC",
					"-lc++",
					"$(inherited)",
				);
				PRODUCT_BUNDLE_IDENTIFIER = "org.reactjs.native.example.$(PRODUCT_NAME:rfc1034identifier)";
				PRODUCT_NAME = "$(TARGET_NAME)";
				TEST_HOST = "$(BUILT_PRODUCTS_DIR)/Dwaee.app/Dwaee";
			};
			name = Debug;
		};
		00E356F71AD99517003FC87E /* Release */ = {
			isa = XCBuildConfiguration;
			baseConfigurationReference = 0B5AC151BC5D4860CA7A664E /* Pods-Dwaee-DwaeeTests.release.xcconfig */;
			buildSettings = {
				ALWAYS_EMBED_SWIFT_STANDARD_LIBRARIES = YES;
				BUNDLE_LOADER = "$(TEST_HOST)";
				COPY_PHASE_STRIP = NO;
				INFOPLIST_FILE = DwaeeTests/Info.plist;
				IPHONEOS_DEPLOYMENT_TARGET = 10.0;
				LD_RUNPATH_SEARCH_PATHS = (
					"$(inherited)",
					"@executable_path/Frameworks",
					"@loader_path/Frameworks",
				);
				OTHER_LDFLAGS = (
					"-ObjC",
					"-lc++",
					"$(inherited)",
				);
				PRODUCT_BUNDLE_IDENTIFIER = "org.reactjs.native.example.$(PRODUCT_NAME:rfc1034identifier)";
				PRODUCT_NAME = "$(TARGET_NAME)";
				TEST_HOST = "$(BUILT_PRODUCTS_DIR)/Dwaee.app/Dwaee";
			};
			name = Release;
		};
		13B07F941A680F5B00A75B9A /* Debug */ = {
			isa = XCBuildConfiguration;
			baseConfigurationReference = AAAABE6E6957F5099B27B62A /* Pods-Dwaee.debug.xcconfig */;
			buildSettings = {
				ASSETCATALOG_COMPILER_APPICON_NAME = AppIcon;
				CLANG_ENABLE_MODULES = YES;
				CURRENT_PROJECT_VERSION = 1;
				ENABLE_BITCODE = NO;
				INFOPLIST_FILE = Dwaee/Info.plist;
				LD_RUNPATH_SEARCH_PATHS = (
					"$(inherited)",
					"@executable_path/Frameworks",
				);
				OTHER_LDFLAGS = (
					"$(inherited)",
					"-ObjC",
					"-lc++",
				);
				PRODUCT_BUNDLE_IDENTIFIER = "org.reactjs.native.example.$(PRODUCT_NAME:rfc1034identifier)";
				PRODUCT_NAME = Dwaee;
				SWIFT_OBJC_BRIDGING_HEADER = "Dwaee-Bridging-Header.h";
				SWIFT_OPTIMIZATION_LEVEL = "-Onone";
				SWIFT_VERSION = 5.0;
				VERSIONING_SYSTEM = "apple-generic";
			};
			name = Debug;
		};
		13B07F951A680F5B00A75B9A /* Release */ = {
			isa = XCBuildConfiguration;
			baseConfigurationReference = A50D6CDB58D6C64A1C5B1058 /* Pods-Dwaee.release.xcconfig */;
			buildSettings = {
				ASSETCATALOG_COMPILER_APPICON_NAME = AppIcon;
				CLANG_ENABLE_MODULES = YES;
				CURRENT_PROJECT_VERSION = 1;
				INFOPLIST_FILE = Dwaee/Info.plist;
				LD_RUNPATH_SEARCH_PATHS = (
					"$(inherited)",
					"@executable_path/Frameworks",
				);
				OTHER_LDFLAGS = (
					"$(inherited)",
					"-ObjC",
					"-lc++",
				);
				PRODUCT_BUNDLE_IDENTIFIER = "org.reactjs.native.example.$(PRODUCT_NAME:rfc1034identifier)";
				PRODUCT_NAME = Dwaee;
				SWIFT_OBJC_BRIDGING_HEADER = "Dwaee-Bridging-Header.h";
				SWIFT_VERSION = 5.0;
				VERSIONING_SYSTEM = "apple-generic";
			};
			name = Release;
		};
		83CBBA201A601CBA00E9B192 /* Debug */ = {
			isa = XCBuildConfiguration;
			buildSettings = {
				ALWAYS_SEARCH_USER_PATHS = NO;
				CLANG_ANALYZER_LOCALIZABILITY_NONLOCALIZED = YES;
				CLANG_CXX_LANGUAGE_STANDARD = "gnu++0x";
				CLANG_CXX_LIBRARY = "libc++";
				CLANG_ENABLE_MODULES = YES;
				CLANG_ENABLE_OBJC_ARC = YES;
				CLANG_WARN_BLOCK_CAPTURE_AUTORELEASING = YES;
				CLANG_WARN_BOOL_CONVERSION = YES;
				CLANG_WARN_COMMA = YES;
				CLANG_WARN_CONSTANT_CONVERSION = YES;
				CLANG_WARN_DEPRECATED_OBJC_IMPLEMENTATIONS = YES;
				CLANG_WARN_DIRECT_OBJC_ISA_USAGE = YES_ERROR;
				CLANG_WARN_EMPTY_BODY = YES;
				CLANG_WARN_ENUM_CONVERSION = YES;
				CLANG_WARN_INFINITE_RECURSION = YES;
				CLANG_WARN_INT_CONVERSION = YES;
				CLANG_WARN_NON_LITERAL_NULL_CONVERSION = YES;
				CLANG_WARN_OBJC_IMPLICIT_RETAIN_SELF = YES;
				CLANG_WARN_OBJC_LITERAL_CONVERSION = YES;
				CLANG_WARN_OBJC_ROOT_CLASS = YES_ERROR;
				CLANG_WARN_QUOTED_INCLUDE_IN_FRAMEWORK_HEADER = YES;
				CLANG_WARN_RANGE_LOOP_ANALYSIS = YES;
				CLANG_WARN_STRICT_PROTOTYPES = YES;
				CLANG_WARN_SUSPICIOUS_MOVE = YES;
				CLANG_WARN_UNREACHABLE_CODE = YES;
				CLANG_WARN__DUPLICATE_METHOD_MATCH = YES;
				"CODE_SIGN_IDENTITY[sdk=iphoneos*]" = "iPhone Developer";
				COPY_PHASE_STRIP = NO;
				ENABLE_STRICT_OBJC_MSGSEND = YES;
				ENABLE_TESTABILITY = YES;
				"EXCLUDED_ARCHS[sdk=iphonesimulator*]" = "arm64 ";
				GCC_C_LANGUAGE_STANDARD = gnu99;
				GCC_DYNAMIC_NO_PIC = NO;
				GCC_NO_COMMON_BLOCKS = YES;
				GCC_OPTIMIZATION_LEVEL = 0;
				GCC_PREPROCESSOR_DEFINITIONS = (
					"DEBUG=1",
					"$(inherited)",
				);
				GCC_SYMBOLS_PRIVATE_EXTERN = NO;
				GCC_WARN_64_TO_32_BIT_CONVERSION = YES;
				GCC_WARN_ABOUT_RETURN_TYPE = YES_ERROR;
				GCC_WARN_UNDECLARED_SELECTOR = YES;
				GCC_WARN_UNINITIALIZED_AUTOS = YES_AGGRESSIVE;
				GCC_WARN_UNUSED_FUNCTION = YES;
				GCC_WARN_UNUSED_VARIABLE = YES;
				IPHONEOS_DEPLOYMENT_TARGET = 10.0;
				LD_RUNPATH_SEARCH_PATHS = (
					/usr/lib/swift,
					"$(inherited)",
				);
				LIBRARY_SEARCH_PATHS = (
					"\"$(TOOLCHAIN_DIR)/usr/lib/swift/$(PLATFORM_NAME)\"",
					"\"$(TOOLCHAIN_DIR)/usr/lib/swift-5.0/$(PLATFORM_NAME)\"",
					"\"$(inherited)\"",
				);
				MTL_ENABLE_DEBUG_INFO = YES;
				ONLY_ACTIVE_ARCH = YES;
				SDKROOT = iphoneos;
			};
			name = Debug;
		};
		83CBBA211A601CBA00E9B192 /* Release */ = {
			isa = XCBuildConfiguration;
			buildSettings = {
				ALWAYS_SEARCH_USER_PATHS = NO;
				CLANG_ANALYZER_LOCALIZABILITY_NONLOCALIZED = YES;
				CLANG_CXX_LANGUAGE_STANDARD = "gnu++0x";
				CLANG_CXX_LIBRARY = "libc++";
				CLANG_ENABLE_MODULES = YES;
				CLANG_ENABLE_OBJC_ARC = YES;
				CLANG_WARN_BLOCK_CAPTURE_AUTORELEASING = YES;
				CLANG_WARN_BOOL_CONVERSION = YES;
				CLANG_WARN_COMMA = YES;
				CLANG_WARN_CONSTANT_CONVERSION = YES;
				CLANG_WARN_DEPRECATED_OBJC_IMPLEMENTATIONS = YES;
				CLANG_WARN_DIRECT_OBJC_ISA_USAGE = YES_ERROR;
				CLANG_WARN_EMPTY_BODY = YES;
				CLANG_WARN_ENUM_CONVERSION = YES;
				CLANG_WARN_INFINITE_RECURSION = YES;
				CLANG_WARN_INT_CONVERSION = YES;
				CLANG_WARN_NON_LITERAL_NULL_CONVERSION = YES;
				CLANG_WARN_OBJC_IMPLICIT_RETAIN_SELF = YES;
				CLANG_WARN_OBJC_LITERAL_CONVERSION = YES;
				CLANG_WARN_OBJC_ROOT_CLASS = YES_ERROR;
				CLANG_WARN_QUOTED_INCLUDE_IN_FRAMEWORK_HEADER = YES;
				CLANG_WARN_RANGE_LOOP_ANALYSIS = YES;
				CLANG_WARN_STRICT_PROTOTYPES = YES;
				CLANG_WARN_SUSPICIOUS_MOVE = YES;
				CLANG_WARN_UNREACHABLE_CODE = YES;
				CLANG_WARN__DUPLICATE_METHOD_MATCH = YES;
				"CODE_SIGN_IDENTITY[sdk=iphoneos*]" = "iPhone Developer";
				COPY_PHASE_STRIP = YES;
				ENABLE_NS_ASSERTIONS = NO;
				ENABLE_STRICT_OBJC_MSGSEND = YES;
				"EXCLUDED_ARCHS[sdk=iphonesimulator*]" = "arm64 ";
				GCC_C_LANGUAGE_STANDARD = gnu99;
				GCC_NO_COMMON_BLOCKS = YES;
				GCC_WARN_64_TO_32_BIT_CONVERSION = YES;
				GCC_WARN_ABOUT_RETURN_TYPE = YES_ERROR;
				GCC_WARN_UNDECLARED_SELECTOR = YES;
				GCC_WARN_UNINITIALIZED_AUTOS = YES_AGGRESSIVE;
				GCC_WARN_UNUSED_FUNCTION = YES;
				GCC_WARN_UNUSED_VARIABLE = YES;
				IPHONEOS_DEPLOYMENT_TARGET = 10.0;
				LD_RUNPATH_SEARCH_PATHS = (
					/usr/lib/swift,
					"$(inherited)",
				);
				LIBRARY_SEARCH_PATHS = (
					"\"$(TOOLCHAIN_DIR)/usr/lib/swift/$(PLATFORM_NAME)\"",
					"\"$(TOOLCHAIN_DIR)/usr/lib/swift-5.0/$(PLATFORM_NAME)\"",
					"\"$(inherited)\"",
				);
				MTL_ENABLE_DEBUG_INFO = NO;
				SDKROOT = iphoneos;
				VALIDATE_PRODUCT = YES;
			};
			name = Release;
		};
/* End XCBuildConfiguration section */

/* Begin XCConfigurationList section */
		00E357021AD99517003FC87E /* Build configuration list for PBXNativeTarget "DwaeeTests" */ = {
			isa = XCConfigurationList;
			buildConfigurations = (
				00E356F61AD99517003FC87E /* Debug */,
				00E356F71AD99517003FC87E /* Release */,
			);
			defaultConfigurationIsVisible = 0;
			defaultConfigurationName = Release;
		};
		13B07F931A680F5B00A75B9A /* Build configuration list for PBXNativeTarget "Dwaee" */ = {
			isa = XCConfigurationList;
			buildConfigurations = (
				13B07F941A680F5B00A75B9A /* Debug */,
				13B07F951A680F5B00A75B9A /* Release */,
			);
			defaultConfigurationIsVisible = 0;
			defaultConfigurationName = Release;
		};
		83CBB9FA1A601CBA00E9B192 /* Build configuration list for PBXProject "Dwaee" */ = {
			isa = XCConfigurationList;
			buildConfigurations = (
				83CBBA201A601CBA00E9B192 /* Debug */,
				83CBBA211A601CBA00E9B192 /* Release */,
			);
			defaultConfigurationIsVisible = 0;
			defaultConfigurationName = Release;
		};
/* End XCConfigurationList section */
	};
	rootObject = 83CBB9F71A601CBA00E9B192 /* Project object */;
}
